
Microsoft Visual Studio Solution File, Format Version 12.00
# Visual Studio Version 16
VisualStudioVersion = 16.0.31729.503
MinimumVisualStudioVersion = 10.0.40219.1
Project("{FAE04EC0-301F-11D3-BF4B-00C04F79EFBC}") = "kruger.test.luis.pita", "kruger.test.luis.pita.csproj", "{812AAEDB-0C9D-4473-98F8-00CD8D032BAD}"
EndProject
Global
	GlobalSection(SolutionConfigurationPlatforms) = preSolution
		Debug|Any CPU = Debug|Any CPU
		Release|Any CPU = Release|Any CPU
	EndGlobalSection
	GlobalSection(ProjectConfigurationPlatforms) = postSolution
		{812AAEDB-0C9D-4473-98F8-00CD8D032BAD}.Debug|Any CPU.ActiveCfg = Debug|Any CPU
		{812AAEDB-0C9D-4473-98F8-00CD8D032BAD}.Debug|Any CPU.Build.0 = Debug|Any CPU
		{812AAEDB-0C9D-4473-98F8-00CD8D032BAD}.Release|Any CPU.ActiveCfg = Release|Any CPU
		{812AAEDB-0C9D-4473-98F8-00CD8D032BAD}.Release|Any CPU.Build.0 = Release|Any CPU
	EndGlobalSection
	GlobalSection(SolutionProperties) = preSolution
		HideSolutionNode = FALSE
	EndGlobalSection
	GlobalSection(ExtensibilityGlobals) = postSolution
		SolutionGuid = {52083CF0-4DDB-4818-BBF5-13B4429AF804}
	EndGlobalSection
EndGlobal
